{
  "requires": true,
  "lockfileVersion": 1,
  "dependencies": {
    "base64-stream": {
      "version": "1.0.0",
      "resolved": "https://registry.npmjs.org/base64-stream/-/base64-stream-1.0.0.tgz",
      "integrity": "sha512-BQQZftaO48FcE1Kof9CmXMFaAdqkcNorgc8CxesZv9nMbbTF1EFyQe89UOuh//QMmdtfUDXyO8rgUalemL5ODA=="
    },
    "core-util-is": {
      "version": "1.0.2",
      "resolved": "https://registry.npmjs.org/core-util-is/-/core-util-is-1.0.2.tgz",
      "integrity": "sha1-tf1UIgqivFq1eqtxQMlAdUUDwac="
    },
    "dateformat": {
      "version": "2.0.0",
      "resolved": "https://registry.npmjs.org/dateformat/-/dateformat-2.0.0.tgz",
      "integrity": "sha1-J0Pjq7XD/CRi5SfcpEXgTp9N7hc="
    },
    "iconv-lite": {
      "version": "0.4.24",
      "resolved": "https://registry.npmjs.org/iconv-lite/-/iconv-lite-0.4.24.tgz",
      "integrity": "sha512-v3MXnZAcvnywkTUEZomIActle7RXXeedOR31wwl7VlyoXO4Qi9arvSenNQWne1TcRwhCL1HwLI21bEqdpj8/rA==",
      "requires": {
        "safer-buffer": ">= 2.1.2 < 3"
      }
    },
    "imap": {
      "version": "0.8.19",
      "resolved": "https://registry.npmjs.org/imap/-/imap-0.8.19.tgz",
      "integrity": "sha1-NniHOTSrCc6mukh0HyhNoq9Z2NU=",
      "requires": {
        "readable-stream": "1.1.x",
        "utf7": ">=1.0.2"
      }
    },
    "imap-simple": {
      "version": "4.3.0",
      "resolved": "https://registry.npmjs.org/imap-simple/-/imap-simple-4.3.0.tgz",
      "integrity": "sha512-SW3LtfEJFjlJKS/h2CmpX2IKpya2RXobR3ENJJW4iMQ3QYPxWxf5oeaz1K3P4eGUwfGEndkqt7uVDKnEyG9zeQ==",
      "requires": {
        "iconv-lite": "~0.4.13",
        "imap": "^0.8.18",
        "nodeify": "^1.0.0",
        "quoted-printable": "^1.0.0",
        "utf8": "^2.1.1",
        "uuencode": "0.0.4"
      }
    },
    "inherits": {
      "version": "2.0.3",
      "resolved": "https://registry.npmjs.org/inherits/-/inherits-2.0.3.tgz",
      "integrity": "sha1-Yzwsg+PaQqUC9SRmAiSA9CCCYd4="
    },
    "is-promise": {
      "version": "1.0.1",
      "resolved": "https://registry.npmjs.org/is-promise/-/is-promise-1.0.1.tgz",
      "integrity": "sha1-MVc3YcBX4zwukaq56W2gjO++duU="
    },
    "isarray": {
      "version": "0.0.1",
      "resolved": "https://registry.npmjs.org/isarray/-/isarray-0.0.1.tgz",
      "integrity": "sha1-ihis/Kmo9Bd+Cav8YDiTmwXR7t8="
    },
    "mysql": {
      "version": "2.13.0",
      "resolved": "https://registry.npmjs.org/mysql/-/mysql-2.13.0.tgz",
      "integrity": "sha1-mY8fjKRuLj3XFJzpgkE2U5hqrkc=",
      "requires": {
        "bignumber.js": "3.1.2",
        "readable-stream": "1.1.14",
        "sqlstring": "2.2.0"
      },
      "dependencies": {
        "bignumber.js": {
          "version": "3.1.2",
          "resolved": "https://registry.npmjs.org/bignumber.js/-/bignumber.js-3.1.2.tgz",
          "integrity": "sha1-8725mtUmihX8HwvtL7AY4mk/4jY="
        },
        "readable-stream": {
          "version": "1.1.14",
          "resolved": "https://registry.npmjs.org/readable-stream/-/readable-stream-1.1.14.tgz",
          "integrity": "sha1-fPTFTvZI44EwhMY23SB54WbAgdk=",
          "requires": {
            "core-util-is": "~1.0.0",
            "inherits": "~2.0.1",
            "isarray": "0.0.1",
            "string_decoder": "~0.10.x"
          },
          "dependencies": {
            "core-util-is": {
              "version": "1.0.2",
              "resolved": "https://registry.npmjs.org/core-util-is/-/core-util-is-1.0.2.tgz",
              "integrity": "sha1-tf1UIgqivFq1eqtxQMlAdUUDwac="
            },
            "inherits": {
              "version": "2.0.3",
              "resolved": "https://registry.npmjs.org/inherits/-/inherits-2.0.3.tgz",
              "integrity": "sha1-Yzwsg+PaQqUC9SRmAiSA9CCCYd4="
            },
            "isarray": {
              "version": "0.0.1",
              "resolved": "https://registry.npmjs.org/isarray/-/isarray-0.0.1.tgz",
              "integrity": "sha1-ihis/Kmo9Bd+Cav8YDiTmwXR7t8="
            },
            "string_decoder": {
              "version": "0.10.31",
              "resolved": "https://registry.npmjs.org/string_decoder/-/string_decoder-0.10.31.tgz",
              "integrity": "sha1-YuIDvEF2bGwoyfyEMB2rHFMQ+pQ="
            }
          }
        },
        "sqlstring": {
          "version": "2.2.0",
          "resolved": "https://registry.npmjs.org/sqlstring/-/sqlstring-2.2.0.tgz",
          "integrity": "sha1-wxNcTqirzX5+50GklmqJHYak8ZE="
        }
      }
    },
    "node-xlsx": {
      "version": "0.7.4",
      "resolved": "https://registry.npmjs.org/node-xlsx/-/node-xlsx-0.7.4.tgz",
      "integrity": "sha1-HDMY5DtsfKTQG625+I8nejHoqAU=",
      "requires": {
        "xlsx": "^0.8.0"
      },
      "dependencies": {
        "xlsx": {
          "version": "0.8.8",
          "resolved": "https://registry.npmjs.org/xlsx/-/xlsx-0.8.8.tgz",
          "integrity": "sha1-uS124LXk8GDJII1LdEdWUQRDhTo=",
          "requires": {
            "adler-32": "^1.0.0",
            "cfb": "~0.11.0",
            "codepage": "^1.9.0",
            "commander": "^2.11.0",
            "crc-32": "^1.0.2",
            "exit-on-epipe": "^1.0.0",
            "ssf": "~0.8.1"
          },
          "dependencies": {
            "adler-32": {
              "version": "1.0.0",
              "resolved": "https://registry.npmjs.org/adler-32/-/adler-32-1.0.0.tgz",
              "integrity": "sha1-KHKKcXVvYpZm3RZTzYB5Op3xhlE=",
              "requires": {
                "concat-stream": "^1.6.0",
                "exit-on-epipe": "^1.0.0",
                "printj": "^1.0.2"
              },
              "dependencies": {
                "concat-stream": {
                  "version": "1.6.0",
                  "resolved": "https://registry.npmjs.org/concat-stream/-/concat-stream-1.6.0.tgz",
                  "integrity": "sha1-CqxmL9Ur54lk1VMvaUeE5wEQrPc=",
                  "requires": {
                    "inherits": "^2.0.3",
                    "readable-stream": "^2.2.2",
                    "typedarray": "^0.0.6"
                  },
                  "dependencies": {
                    "inherits": {
                      "version": "2.0.3",
                      "resolved": "https://registry.npmjs.org/inherits/-/inherits-2.0.3.tgz",
                      "integrity": "sha1-Yzwsg+PaQqUC9SRmAiSA9CCCYd4="
                    },
                    "readable-stream": {
                      "version": "2.3.3",
                      "resolved": "https://registry.npmjs.org/readable-stream/-/readable-stream-2.3.3.tgz",
                      "integrity": "sha1-No8lEtefnUb9/HE0mueHi7weuVw=",
                      "requires": {
                        "core-util-is": "~1.0.0",
                        "inherits": "~2.0.3",
                        "isarray": "~1.0.0",
                        "process-nextick-args": "~1.0.6",
                        "safe-buffer": "~5.1.1",
                        "string_decoder": "~1.0.3",
                        "util-deprecate": "~1.0.1"
                      },
                      "dependencies": {
                        "core-util-is": {
                          "version": "1.0.2",
                          "resolved": "https://registry.npmjs.org/core-util-is/-/core-util-is-1.0.2.tgz",
                          "integrity": "sha1-tf1UIgqivFq1eqtxQMlAdUUDwac="
                        },
                        "isarray": {
                          "version": "1.0.0",
                          "resolved": "https://registry.npmjs.org/isarray/-/isarray-1.0.0.tgz",
                          "integrity": "sha1-u5NdSFgsuhaMBoNJV6VKPgcSTxE="
                        },
                        "process-nextick-args": {
                          "version": "1.0.7",
                          "resolved": "https://registry.npmjs.org/process-nextick-args/-/process-nextick-args-1.0.7.tgz",
                          "integrity": "sha1-FQ4gt1ZZCtP5EJPyWk8q2L/zC6M="
                        },
                        "safe-buffer": {
                          "version": "5.1.1",
                          "resolved": "https://registry.npmjs.org/safe-buffer/-/safe-buffer-5.1.1.tgz",
                          "integrity": "sha1-iTMSr2myEj3vcfV4iQAWce6yyFM="
                        },
                        "string_decoder": {
                          "version": "1.0.3",
                          "resolved": "https://registry.npmjs.org/string_decoder/-/string_decoder-1.0.3.tgz",
                          "integrity": "sha1-D8Z9fBQYJd6UKC3VNr7GubzoYKs=",
                          "requires": {
                            "safe-buffer": "~5.1.0"
                          }
                        },
                        "util-deprecate": {
                          "version": "1.0.2",
                          "resolved": "https://registry.npmjs.org/util-deprecate/-/util-deprecate-1.0.2.tgz",
                          "integrity": "sha1-RQ1Nyfpw3nMnYvvS1KKJgUGaDM8="
                        }
                      }
                    },
                    "typedarray": {
                      "version": "0.0.6",
                      "resolved": "https://registry.npmjs.org/typedarray/-/typedarray-0.0.6.tgz",
                      "integrity": "sha1-hnrHTjhkGHsdPUfZlqeOxciDB3c="
                    }
                  }
                },
                "printj": {
                  "version": "1.0.2",
                  "resolved": "https://registry.npmjs.org/printj/-/printj-1.0.2.tgz",
                  "integrity": "sha1-7LKti4/fch++4DmEbGeoHrnkwkk="
                }
              }
            },
            "cfb": {
              "version": "0.11.1",
              "resolved": "https://registry.npmjs.org/cfb/-/cfb-0.11.1.tgz",
              "integrity": "sha1-qW248nKmw/uZ27sj70EiP0i+Hqc=",
              "requires": {
                "commander": "^2.11.0"
              }
            },
            "codepage": {
              "version": "1.9.0",
              "resolved": "https://registry.npmjs.org/codepage/-/codepage-1.9.0.tgz",
              "integrity": "sha1-bMbSNyvqhEXP0+xr9fjYZPrPrho=",
              "requires": {
                "commander": "^2.11.0",
                "concat-stream": "^1.6.0",
                "exit-on-epipe": "^1.0.0",
                "voc": "^0.5.0"
              },
              "dependencies": {
                "concat-stream": {
                  "version": "1.6.0",
                  "resolved": "https://registry.npmjs.org/concat-stream/-/concat-stream-1.6.0.tgz",
                  "integrity": "sha1-CqxmL9Ur54lk1VMvaUeE5wEQrPc=",
                  "requires": {
                    "inherits": "^2.0.3",
                    "readable-stream": "^2.2.2",
                    "typedarray": "^0.0.6"
                  },
                  "dependencies": {
                    "inherits": {
                      "version": "2.0.3",
                      "resolved": "https://registry.npmjs.org/inherits/-/inherits-2.0.3.tgz",
                      "integrity": "sha1-Yzwsg+PaQqUC9SRmAiSA9CCCYd4="
                    },
                    "readable-stream": {
                      "version": "2.3.3",
                      "resolved": "https://registry.npmjs.org/readable-stream/-/readable-stream-2.3.3.tgz",
                      "integrity": "sha1-No8lEtefnUb9/HE0mueHi7weuVw=",
                      "requires": {
                        "core-util-is": "~1.0.0",
                        "inherits": "~2.0.3",
                        "isarray": "~1.0.0",
                        "process-nextick-args": "~1.0.6",
                        "safe-buffer": "~5.1.1",
                        "string_decoder": "~1.0.3",
                        "util-deprecate": "~1.0.1"
                      },
                      "dependencies": {
                        "core-util-is": {
                          "version": "1.0.2",
                          "resolved": "https://registry.npmjs.org/core-util-is/-/core-util-is-1.0.2.tgz",
                          "integrity": "sha1-tf1UIgqivFq1eqtxQMlAdUUDwac="
                        },
                        "isarray": {
                          "version": "1.0.0",
                          "resolved": "https://registry.npmjs.org/isarray/-/isarray-1.0.0.tgz",
                          "integrity": "sha1-u5NdSFgsuhaMBoNJV6VKPgcSTxE="
                        },
                        "process-nextick-args": {
                          "version": "1.0.7",
                          "resolved": "https://registry.npmjs.org/process-nextick-args/-/process-nextick-args-1.0.7.tgz",
                          "integrity": "sha1-FQ4gt1ZZCtP5EJPyWk8q2L/zC6M="
                        },
                        "safe-buffer": {
                          "version": "5.1.1",
                          "resolved": "https://registry.npmjs.org/safe-buffer/-/safe-buffer-5.1.1.tgz",
                          "integrity": "sha1-iTMSr2myEj3vcfV4iQAWce6yyFM="
                        },
                        "string_decoder": {
                          "version": "1.0.3",
                          "resolved": "https://registry.npmjs.org/string_decoder/-/string_decoder-1.0.3.tgz",
                          "integrity": "sha1-D8Z9fBQYJd6UKC3VNr7GubzoYKs=",
                          "requires": {
                            "safe-buffer": "~5.1.0"
                          }
                        },
                        "util-deprecate": {
                          "version": "1.0.2",
                          "resolved": "https://registry.npmjs.org/util-deprecate/-/util-deprecate-1.0.2.tgz",
                          "integrity": "sha1-RQ1Nyfpw3nMnYvvS1KKJgUGaDM8="
                        }
                      }
                    },
                    "typedarray": {
                      "version": "0.0.6",
                      "resolved": "https://registry.npmjs.org/typedarray/-/typedarray-0.0.6.tgz",
                      "integrity": "sha1-hnrHTjhkGHsdPUfZlqeOxciDB3c="
                    }
                  }
                },
                "voc": {
                  "version": "0.5.0",
                  "resolved": "https://registry.npmjs.org/voc/-/voc-0.5.0.tgz",
                  "integrity": "sha1-vmynx25KV9kwzID2sx+9gMqGBFw="
                }
              }
            },
            "commander": {
              "version": "2.11.0",
              "resolved": "https://registry.npmjs.org/commander/-/commander-2.11.0.tgz",
              "integrity": "sha1-FXFS/R56bI2YpbcVzzdt+SgARWM="
            },
            "crc-32": {
              "version": "1.0.2",
              "resolved": "https://registry.npmjs.org/crc-32/-/crc-32-1.0.2.tgz",
              "integrity": "sha1-CVB5hO6bzOO9G4hh8N6KsQroGH0=",
              "requires": {
                "exit-on-epipe": "^1.0.0",
                "printj": "^1.0.2"
              },
              "dependencies": {
                "printj": {
                  "version": "1.0.2",
                  "resolved": "https://registry.npmjs.org/printj/-/printj-1.0.2.tgz",
                  "integrity": "sha1-7LKti4/fch++4DmEbGeoHrnkwkk="
                }
              }
            },
            "exit-on-epipe": {
              "version": "1.0.0",
              "resolved": "https://registry.npmjs.org/exit-on-epipe/-/exit-on-epipe-1.0.0.tgz",
              "integrity": "sha1-9uBXnIIU0zoIEJ/W4uXB28cEY/w="
            },
            "ssf": {
              "version": "0.8.2",
              "resolved": "https://registry.npmjs.org/ssf/-/ssf-0.8.2.tgz",
              "integrity": "sha1-udTcahwbz3b4q/qW19dlb7Kr7NY=",
              "requires": {
                "colors": "0.6.2",
                "frac": "0.3.1",
                "voc": "^0.5.0"
              },
              "dependencies": {
                "colors": {
                  "version": "0.6.2",
                  "resolved": "https://registry.npmjs.org/colors/-/colors-0.6.2.tgz",
                  "integrity": "sha1-JCP+ZnisDF2uiFLl0OW+CMmXq8w="
                },
                "frac": {
                  "version": "0.3.1",
                  "resolved": "https://registry.npmjs.org/frac/-/frac-0.3.1.tgz",
                  "integrity": "sha1-V3Z3t/3L5vr3xGHxgB00E3zaQ1Q="
                },
                "voc": {
                  "version": "0.5.0",
                  "resolved": "https://registry.npmjs.org/voc/-/voc-0.5.0.tgz",
                  "integrity": "sha1-vmynx25KV9kwzID2sx+9gMqGBFw="
                }
              }
            }
          }
        }
      }
    },
    "nodeify": {
      "version": "1.0.1",
      "resolved": "https://registry.npmjs.org/nodeify/-/nodeify-1.0.1.tgz",
      "integrity": "sha1-ZKtpp7268DzhB7TwM1yHwLnpGx0=",
      "requires": {
        "is-promise": "~1.0.0",
        "promise": "~1.3.0"
      }
    },
    "promise": {
      "version": "1.3.0",
      "resolved": "https://registry.npmjs.org/promise/-/promise-1.3.0.tgz",
      "integrity": "sha1-5cyaTIJ45GZP/twBx9qEhCsEAXU=",
      "requires": {
        "is-promise": "~1"
      }
    },
    "quoted-printable": {
      "version": "1.0.1",
      "resolved": "https://registry.npmjs.org/quoted-printable/-/quoted-printable-1.0.1.tgz",
      "integrity": "sha1-nuv16z0R7vAismT9LStrK7O4TMM=",
      "requires": {
        "utf8": "^2.1.0"
      }
    },
    "readable-stream": {
      "version": "1.1.14",
      "resolved": "https://registry.npmjs.org/readable-stream/-/readable-stream-1.1.14.tgz",
      "integrity": "sha1-fPTFTvZI44EwhMY23SB54WbAgdk=",
      "requires": {
        "core-util-is": "~1.0.0",
        "inherits": "~2.0.1",
        "isarray": "0.0.1",
        "string_decoder": "~0.10.x"
      }
    },
    "safer-buffer": {
      "version": "2.1.2",
      "resolved": "https://registry.npmjs.org/safer-buffer/-/safer-buffer-2.1.2.tgz",
      "integrity": "sha512-YZo3K82SD7Riyi0E1EQPojLz7kpepnSQI9IyPbHHg1XXXevb5dJI7tpyN2ADxGcQbHG7vcyRHk0cbwqcQriUtg=="
    },
    "semver": {
      "version": "5.3.0",
      "resolved": "https://registry.npmjs.org/semver/-/semver-5.3.0.tgz",
      "integrity": "sha1-myzl094C0XxgEq0yaqa00M9U+U8="
    },
    "string_decoder": {
      "version": "0.10.31",
      "resolved": "https://registry.npmjs.org/string_decoder/-/string_decoder-0.10.31.tgz",
      "integrity": "sha1-YuIDvEF2bGwoyfyEMB2rHFMQ+pQ="
    },
    "utf7": {
      "version": "1.0.2",
      "resolved": "https://registry.npmjs.org/utf7/-/utf7-1.0.2.tgz",
      "integrity": "sha1-lV9JCq5lO6IguUVqCod2wZk2CZE=",
      "requires": {
        "semver": "~5.3.0"
      }
    },
    "utf8": {
      "version": "2.1.2",
      "resolved": "https://registry.npmjs.org/utf8/-/utf8-2.1.2.tgz",
      "integrity": "sha1-H6DZJw6b6FDZsFAn9jUZv0ZFfZY="
    },
    "uuencode": {
      "version": "0.0.4",
      "resolved": "https://registry.npmjs.org/uuencode/-/uuencode-0.0.4.tgz",
      "integrity": "sha1-yNUDcIhWY4eThas34zPH6OOwIYw="
    }
  }
}
